<Project xmlns="http://schemas.microsoft.com/developer/msbuild/2003">
  <ItemGroup>
    <Filter Include="Source Files">
      <UniqueIdentifier>{4FC737F1-C7A5-4376-A066-2A32D752A2FF}</UniqueIdentifier>
      <Extensions>cpp;c;cc;cxx;def;odl;idl;hpj;bat;asm;asmx</Extensions>
    </Filter>
    <Filter Include="Header Files">
      <UniqueIdentifier>{93995380-89BD-4b04-88EB-625FBE52EBFB}</UniqueIdentifier>
      <Extensions>h;hh;hpp;hxx;hm;inl;inc;xsd</Extensions>
    </Filter>
    <Filter Include="Resource Files">
      <UniqueIdentifier>{67DA6AB6-F800-4c08-8B7A-83BB121AAD01}</UniqueIdentifier>
      <Extensions>rc;ico;cur;bmp;dlg;rc2;rct;bin;rgs;gif;jpg;jpeg;jpe;resx;tiff;tif;png;wav;mfcribbon-ms</Extensions>
    </Filter>
  </ItemGroup>
  <ItemGroup>
    <ClInclude Include="$(T850SourceRoot)T8ditor\include\t8ditor\EditorHost.h">
      <Filter>Header Files</Filter>
    </ClInclude>
    <ClCompile Include="$(T850SourceRoot)T8ditor\main.cpp">
      <Filter>Source Files</Filter>
    </ClCompile>
    <ClCompile Include="$(T850SourceRoot)T8ditor\EditorExtensions.cpp">
      <Filter>Source Files</Filter>
    </ClCompile>
    <ClCompile Include="$(T850SourceRoot)T8ditor\EditorApp.cpp">
      <Filter>Source Files</Filter>
    </ClCompile>
    <ClCompile Include="$(T850SourceRoot)T8ditor\EditorTutorialCapture.cpp">
      <Filter>Source Files</Filter>
    </ClCompile>
    <ClCompile Include="$(T850SourceRoot)T8ditor\EditorCamera.cpp">
      <Filter>Source Files</Filter>
    </ClCompile>
    <ClCompile Include="$(T850SourceRoot)T8ditor\EditorLineRenderer.cpp">
      <Filter>Source Files</Filter>
    </ClCompile>
    <ClCompile Include="$(T850SourceRoot)T8ditor\EditorGrid.cpp">
      <Filter>Source Files</Filter>
    </ClCompile>
    <ClCompile Include="$(T850SourceRoot)T8ditor\EditorGizmo.cpp">
      <Filter>Source Files</Filter>
    </ClCompile>
    <ClCompile Include="$(T850SourceRoot)T8ditor\EditorMesh.cpp">
      <Filter>Source Files</Filter>
    </ClCompile>
    <ClCompile Include="$(T850SourceRoot)T8ditor\EditorScene.cpp">
      <Filter>Source Files</Filter>
    </ClCompile>
    <ClCompile Include="$(T850SourceRoot)T8ditor\EditorSceneGizmos.cpp">
      <Filter>Source Files</Filter>
    </ClCompile>
    <ClCompile Include="$(T850SourceRoot)T8ditor\EditorMath.cpp">
      <Filter>Source Files</Filter>
    </ClCompile>
    <ClCompile Include="$(T850SourceRoot)T8ditor\EditorUtil.cpp">
      <Filter>Source Files</Filter>
    </ClCompile>
    <ClCompile Include="$(T850SourceRoot)T8ditor\EditorViewportUtil.cpp">
      <Filter>Source Files</Filter>
    </ClCompile>
    <ClCompile Include="$(T850SourceRoot)T8ditor\HostedViewportPanel.cpp">
      <Filter>Source Files</Filter>
    </ClCompile>
    <ClCompile Include="$(T850SourceRoot)T8ditor\EditorWorld.cpp">
      <Filter>Source Files</Filter>
    </ClCompile>
    <ClCompile Include="$(T850SourceRoot)T8ditor\PlayScenePanel.cpp">
      <Filter>Source Files</Filter>
    </ClCompile>
    <ClCompile Include="$(T850SourceRoot)T8ditor\MeshEditorPanel.cpp">
      <Filter>Source Files</Filter>
    </ClCompile>
    <ClCompile Include="$(T850SourceRoot)T8ditor\RagdollEditorPanel.cpp">
      <Filter>Source Files</Filter>
    </ClCompile>
    <ClCompile Include="$(T850SourceRoot)T8ditor\EditorImGui.cpp">
      <Filter>Source Files</Filter>
    </ClCompile>
    <ClCompile Include="$(T850SourceRoot)T8ditor\..\DayScene\RagdollEditor.cpp">
      <Filter>Source Files</Filter>
    </ClCompile>
    <ClCompile Include="$(T850SourceRoot)T8ditor\..\DayScene\Quake3Mock.cpp">
      <Filter>Source Files</Filter>
    </ClCompile>
    <ClCompile Include="$(T850SourceRoot)T8ditor\..\DayScene\SceneTemplate.cpp">
      <Filter>Source Files</Filter>
    </ClCompile>
    <ClInclude Include="$(T850SourceRoot)T8ditor\EditorApp.h">
      <Filter>Header Files</Filter>
    </ClInclude>
    <ClInclude Include="$(T850SourceRoot)T8ditor\EditorCamera.h">
      <Filter>Header Files</Filter>
    </ClInclude>
    <ClInclude Include="$(T850SourceRoot)T8ditor\EditorLineRenderer.h">
      <Filter>Header Files</Filter>
    </ClInclude>
    <ClInclude Include="$(T850SourceRoot)T8ditor\EditorGrid.h">
      <Filter>Header Files</Filter>
    </ClInclude>
    <ClInclude Include="$(T850SourceRoot)T8ditor\EditorGizmo.h">
      <Filter>Header Files</Filter>
    </ClInclude>
    <ClInclude Include="$(T850SourceRoot)T8ditor\EditorMesh.h">
      <Filter>Header Files</Filter>
    </ClInclude>
    <ClInclude Include="$(T850SourceRoot)T8ditor\EditorScene.h">
      <Filter>Header Files</Filter>
    </ClInclude>
    <ClInclude Include="$(T850SourceRoot)T8ditor\EditorSceneGizmos.h">
      <Filter>Header Files</Filter>
    </ClInclude>
    <ClInclude Include="$(T850SourceRoot)T8ditor\EditorMath.h">
      <Filter>Header Files</Filter>
    </ClInclude>
    <ClInclude Include="$(T850SourceRoot)T8ditor\EditorUtil.h">
      <Filter>Header Files</Filter>
    </ClInclude>
    <ClInclude Include="$(T850SourceRoot)T8ditor\EditorViewportUtil.h">
      <Filter>Header Files</Filter>
    </ClInclude>
    <ClInclude Include="$(T850SourceRoot)T8ditor\HostedViewportPanel.h">
      <Filter>Header Files</Filter>
    </ClInclude>
    <ClInclude Include="$(T850SourceRoot)T8ditor\EditorSceneSerialization.h">
      <Filter>Header Files</Filter>
    </ClInclude>
    <ClInclude Include="$(T850SourceRoot)T8ditor\EditorWorld.h">
      <Filter>Header Files</Filter>
    </ClInclude>
    <ClInclude Include="$(T850SourceRoot)T8ditor\EditorInternal.h">
      <Filter>Header Files</Filter>
    </ClInclude>
    <ClInclude Include="$(T850SourceRoot)T8ditor\EditorRagdollSupport.h">
      <Filter>Header Files</Filter>
    </ClInclude>
    <ClInclude Include="$(T850SourceRoot)T8ditor\SceneObject.h">
      <Filter>Header Files</Filter>
    </ClInclude>
    <ClInclude Include="$(T850SourceRoot)T8ditor\SceneGraph.h">
      <Filter>Header Files</Filter>
    </ClInclude>
    <ClInclude Include="$(T850SourceRoot)T8ditor\UndoRedo.h">
      <Filter>Header Files</Filter>
    </ClInclude>
    <ClInclude Include="$(T850SourceRoot)T8ditor\EditorImGui.h">
      <Filter>Header Files</Filter>
    </ClInclude>
    <ClInclude Include="$(T850SourceRoot)T8ditor\..\DayScene\RagdollEditor.h">
      <Filter>Header Files</Filter>
    </ClInclude>
    <ClInclude Include="$(T850SourceRoot)T8ditor\..\DayScene\Quake3Mock.h">
      <Filter>Header Files</Filter>
    </ClInclude>
    <ClInclude Include="$(T850SourceRoot)T8ditor\..\DayScene\SceneTemplate.h">
      <Filter>Header Files</Filter>
    </ClInclude>
    <ClInclude Include="$(T850SourceRoot)T8ditor\..\DayScene\SandboxRenderGraphUtils.h">
      <Filter>Header Files</Filter>
    </ClInclude>
  </ItemGroup>
</Project>