
Microsoft Visual Studio Solution File, Format Version 12.00
# Visual Studio 14
VisualStudioVersion = 14.0.25420.1
MinimumVisualStudioVersion = 10.0.40219.1
Project("{8BC9CEB8-8B4A-11D0-8D11-00A0C91BC942}") = "Framework", "Framework\Framework.vcxproj", "{844841CA-54AA-45DF-AA7A-65C27F50FB75}"
EndProject
Project("{8BC9CEB8-8B4A-11D0-8D11-00A0C91BC942}") = "FrameworkImGui", "FrameworkImGui\FrameworkImGui.vcxproj", "{6B2D52DE-7E82-45D6-A2E6-9735576C91CF}"
EndProject
Project("{8BC9CEB8-8B4A-11D0-8D11-00A0C91BC942}") = "DayScene", "DayScene\DayScene.vcxproj", "{8F4A8F13-C29C-4BA3-A673-2AB797440C0C}"
	ProjectSection(ProjectDependencies) = postProject
		{6B2D52DE-7E82-45D6-A2E6-9735576C91CF} = {6B2D52DE-7E82-45D6-A2E6-9735576C91CF}
		{844841CA-54AA-45DF-AA7A-65C27F50FB75} = {844841CA-54AA-45DF-AA7A-65C27F50FB75}
	EndProjectSection
EndProject
Project("{8BC9CEB8-8B4A-11D0-8D11-00A0C91BC942}") = "T8ditor", "T8ditor\T8ditor.vcxproj", "{B5E3C7A2-9F4D-4A8E-9C12-3D5B7A6E8F40}"
	ProjectSection(ProjectDependencies) = postProject
		{6B2D52DE-7E82-45D6-A2E6-9735576C91CF} = {6B2D52DE-7E82-45D6-A2E6-9735576C91CF}
		{844841CA-54AA-45DF-AA7A-65C27F50FB75} = {844841CA-54AA-45DF-AA7A-65C27F50FB75}
	EndProjectSection
EndProject
Global
	GlobalSection(SolutionConfigurationPlatforms) = preSolution
		Debug|ARM64 = Debug|ARM64
		Debug|x64 = Debug|x64
		Debug|Win32 = Debug|Win32
		Release|ARM64 = Release|ARM64
		Release|x64 = Release|x64
		Release|Win32 = Release|Win32
	EndGlobalSection
	GlobalSection(ProjectConfigurationPlatforms) = postSolution
		{844841CA-54AA-45DF-AA7A-65C27F50FB75}.Debug|ARM64.ActiveCfg = Debug|ARM64
		{844841CA-54AA-45DF-AA7A-65C27F50FB75}.Debug|ARM64.Build.0 = Debug|ARM64
		{844841CA-54AA-45DF-AA7A-65C27F50FB75}.Debug|x64.ActiveCfg = Debug|x64
		{844841CA-54AA-45DF-AA7A-65C27F50FB75}.Debug|x64.Build.0 = Debug|x64
		{844841CA-54AA-45DF-AA7A-65C27F50FB75}.Debug|Win32.ActiveCfg = Debug|Win32
		{844841CA-54AA-45DF-AA7A-65C27F50FB75}.Debug|Win32.Build.0 = Debug|Win32
		{844841CA-54AA-45DF-AA7A-65C27F50FB75}.Release|ARM64.ActiveCfg = Release|ARM64
		{844841CA-54AA-45DF-AA7A-65C27F50FB75}.Release|ARM64.Build.0 = Release|ARM64
		{844841CA-54AA-45DF-AA7A-65C27F50FB75}.Release|x64.ActiveCfg = Release|x64
		{844841CA-54AA-45DF-AA7A-65C27F50FB75}.Release|x64.Build.0 = Release|x64
		{844841CA-54AA-45DF-AA7A-65C27F50FB75}.Release|Win32.ActiveCfg = Release|Win32
		{844841CA-54AA-45DF-AA7A-65C27F50FB75}.Release|Win32.Build.0 = Release|Win32
		{6B2D52DE-7E82-45D6-A2E6-9735576C91CF}.Debug|ARM64.ActiveCfg = Debug|ARM64
		{6B2D52DE-7E82-45D6-A2E6-9735576C91CF}.Debug|ARM64.Build.0 = Debug|ARM64
		{6B2D52DE-7E82-45D6-A2E6-9735576C91CF}.Debug|x64.ActiveCfg = Debug|x64
		{6B2D52DE-7E82-45D6-A2E6-9735576C91CF}.Debug|x64.Build.0 = Debug|x64
		{6B2D52DE-7E82-45D6-A2E6-9735576C91CF}.Debug|Win32.ActiveCfg = Debug|Win32
		{6B2D52DE-7E82-45D6-A2E6-9735576C91CF}.Debug|Win32.Build.0 = Debug|Win32
		{6B2D52DE-7E82-45D6-A2E6-9735576C91CF}.Release|ARM64.ActiveCfg = Release|ARM64
		{6B2D52DE-7E82-45D6-A2E6-9735576C91CF}.Release|ARM64.Build.0 = Release|ARM64
		{6B2D52DE-7E82-45D6-A2E6-9735576C91CF}.Release|x64.ActiveCfg = Release|x64
		{6B2D52DE-7E82-45D6-A2E6-9735576C91CF}.Release|x64.Build.0 = Release|x64
		{6B2D52DE-7E82-45D6-A2E6-9735576C91CF}.Release|Win32.ActiveCfg = Release|Win32
		{6B2D52DE-7E82-45D6-A2E6-9735576C91CF}.Release|Win32.Build.0 = Release|Win32
		{8F4A8F13-C29C-4BA3-A673-2AB797440C0C}.Debug|ARM64.ActiveCfg = Debug|ARM64
		{8F4A8F13-C29C-4BA3-A673-2AB797440C0C}.Debug|ARM64.Build.0 = Debug|ARM64
		{8F4A8F13-C29C-4BA3-A673-2AB797440C0C}.Debug|x64.ActiveCfg = Debug|x64
		{8F4A8F13-C29C-4BA3-A673-2AB797440C0C}.Debug|x64.Build.0 = Debug|x64
		{8F4A8F13-C29C-4BA3-A673-2AB797440C0C}.Debug|Win32.ActiveCfg = Debug|Win32
		{8F4A8F13-C29C-4BA3-A673-2AB797440C0C}.Debug|Win32.Build.0 = Debug|Win32
		{8F4A8F13-C29C-4BA3-A673-2AB797440C0C}.Release|ARM64.ActiveCfg = Release|ARM64
		{8F4A8F13-C29C-4BA3-A673-2AB797440C0C}.Release|ARM64.Build.0 = Release|ARM64
		{8F4A8F13-C29C-4BA3-A673-2AB797440C0C}.Release|x64.ActiveCfg = Release|x64
		{8F4A8F13-C29C-4BA3-A673-2AB797440C0C}.Release|x64.Build.0 = Release|x64
		{8F4A8F13-C29C-4BA3-A673-2AB797440C0C}.Release|Win32.ActiveCfg = Release|Win32
		{8F4A8F13-C29C-4BA3-A673-2AB797440C0C}.Release|Win32.Build.0 = Release|Win32
		{B5E3C7A2-9F4D-4A8E-9C12-3D5B7A6E8F40}.Debug|ARM64.ActiveCfg = Debug|ARM64
		{B5E3C7A2-9F4D-4A8E-9C12-3D5B7A6E8F40}.Debug|ARM64.Build.0 = Debug|ARM64
		{B5E3C7A2-9F4D-4A8E-9C12-3D5B7A6E8F40}.Debug|x64.ActiveCfg = Debug|x64
		{B5E3C7A2-9F4D-4A8E-9C12-3D5B7A6E8F40}.Debug|x64.Build.0 = Debug|x64
		{B5E3C7A2-9F4D-4A8E-9C12-3D5B7A6E8F40}.Debug|Win32.ActiveCfg = Debug|Win32
		{B5E3C7A2-9F4D-4A8E-9C12-3D5B7A6E8F40}.Debug|Win32.Build.0 = Debug|Win32
		{B5E3C7A2-9F4D-4A8E-9C12-3D5B7A6E8F40}.Release|ARM64.ActiveCfg = Release|ARM64
		{B5E3C7A2-9F4D-4A8E-9C12-3D5B7A6E8F40}.Release|ARM64.Build.0 = Release|ARM64
		{B5E3C7A2-9F4D-4A8E-9C12-3D5B7A6E8F40}.Release|x64.ActiveCfg = Release|x64
		{B5E3C7A2-9F4D-4A8E-9C12-3D5B7A6E8F40}.Release|x64.Build.0 = Release|x64
		{B5E3C7A2-9F4D-4A8E-9C12-3D5B7A6E8F40}.Release|Win32.ActiveCfg = Release|Win32
		{B5E3C7A2-9F4D-4A8E-9C12-3D5B7A6E8F40}.Release|Win32.Build.0 = Release|Win32
	EndGlobalSection
	GlobalSection(SolutionProperties) = preSolution
		HideSolutionNode = FALSE
	EndGlobalSection
EndGlobal
