<?xml version="1.0" encoding="utf-8"?>
<Project ToolsVersion="4.0" xmlns="http://schemas.microsoft.com/developer/msbuild/2003">
  <ItemGroup>
    <Filter Include="Source Files">
      <UniqueIdentifier>{4FC737F1-C7A5-4376-A066-2A32D752A2FF}</UniqueIdentifier>
      <Extensions>cpp;c;cc;cxx;def;odl;idl;hpj;bat;asm;asmx</Extensions>
    </Filter>
    <Filter Include="Header Files">
      <UniqueIdentifier>{93995380-89BD-4b04-88EB-625FBE52EBFB}</UniqueIdentifier>
      <Extensions>h;hh;hpp;hxx;hm;inl;inc;xsd</Extensions>
    </Filter>
    <Filter Include="Header Files\core">
      <UniqueIdentifier>{ede60bc6-3ae3-4f3f-9cb4-ff2d4fcc4cd5}</UniqueIdentifier>
    </Filter>
    <Filter Include="Header Files\utils">
      <UniqueIdentifier>{ead13b2b-f133-4372-89a0-fa4c211fde5d}</UniqueIdentifier>
    </Filter>
    <Filter Include="Header Files\scene">
      <UniqueIdentifier>{2edcd6e5-a944-482b-b28a-e10981634000}</UniqueIdentifier>
    </Filter>
    <Filter Include="Header Files\video">
      <UniqueIdentifier>{fd02d236-d982-438f-8f19-2c3974cf7ea7}</UniqueIdentifier>
    </Filter>
    <Filter Include="Source Files\core">
      <UniqueIdentifier>{969d78f7-8df4-4ced-b9c2-acd61f4ff01c}</UniqueIdentifier>
    </Filter>
    <Filter Include="Source Files\video">
      <UniqueIdentifier>{7f0d6fbd-b7c1-4aa7-89a3-159362e20826}</UniqueIdentifier>
    </Filter>
    <Filter Include="Source Files\scene">
      <UniqueIdentifier>{974026cb-3e15-4f12-ba8e-6feadd0aba19}</UniqueIdentifier>
    </Filter>
    <Filter Include="Source Files\utils">
      <UniqueIdentifier>{63e053be-8260-4813-ae01-bc3f06590eb0}</UniqueIdentifier>
    </Filter>
    <Filter Include="Source Files\video\GL">
      <UniqueIdentifier>{bee7611b-4f3d-4db3-a278-3ccc3ff56d11}</UniqueIdentifier>
    </Filter>
    <Filter Include="Header Files\video\GL">
      <UniqueIdentifier>{f2cf3e98-b0bc-4354-bd5f-5df91dccb9ab}</UniqueIdentifier>
    </Filter>
    <Filter Include="Shaders">
      <UniqueIdentifier>{da780f43-b73e-441b-a1b3-a1a56adda946}</UniqueIdentifier>
    </Filter>
    <Filter Include="Shaders\GLSL">
      <UniqueIdentifier>{afb89638-cc69-44cd-840d-7cef05f91e0f}</UniqueIdentifier>
    </Filter>
    <Filter Include="Header Files\video\d3d12">
      <UniqueIdentifier>{7a2f8e3d-6c4b-4f1a-9d2e-8f5a3b1c9e0d}</UniqueIdentifier>
    </Filter>
    <Filter Include="Source Files\video\d3d12">
      <UniqueIdentifier>{8b3g9f4e-7d5c-5g2b-0e3f-9g6b4c2d0f1e}</UniqueIdentifier>
    </Filter>
    <Filter Include="Header Files\video\vulkan">
      <UniqueIdentifier>{9c4h0g5f-8e6d-6h3c-1f4g-0h7c5d3e1g2f}</UniqueIdentifier>
    </Filter>
    <Filter Include="Source Files\video\vulkan">
      <UniqueIdentifier>{0d5i1h6g-9f7e-7i4d-2g5h-1i8d6e4f2h3g}</UniqueIdentifier>
    </Filter>
    <Filter Include="Source Files\ext">
      <UniqueIdentifier>{fa54be3f-6764-487d-a20f-9adc6984e9b3}</UniqueIdentifier>
    </Filter>
    <Filter Include="Source Files\video\d3d11">
      <UniqueIdentifier>{4b25e9ac-1ed0-4f5f-a772-8acfcfc07838}</UniqueIdentifier>
    </Filter>
    <Filter Include="Source Files\gltf">
      <UniqueIdentifier>{a8f01eaf-2c4f-4e2a-9e5c-3d22c1e07f01}</UniqueIdentifier>
    </Filter>
    <Filter Include="Header Files\video\d3d11">
      <UniqueIdentifier>{c043e95d-4a64-4581-aae7-2adc039c7cf1}</UniqueIdentifier>
    </Filter>
    <Filter Include="Header Files\gltf">
      <UniqueIdentifier>{b3c4d6f0-7e1f-4f1e-9b3a-2a01a8e0f902}</UniqueIdentifier>
    </Filter>
    <Filter Include="Shaders\HLSL">
      <UniqueIdentifier>{3b13b26b-42f4-4811-8eb4-58b6a06471e6}</UniqueIdentifier>
    </Filter>
    <Filter Include="Header Files\physics">
      <UniqueIdentifier>{1f2936b2-e74b-4bdb-9ad2-32a060e17d06}</UniqueIdentifier>
    </Filter>
    <Filter Include="Source Files\physics">
      <UniqueIdentifier>{fb7d6cf1-65eb-4045-984c-2ef7a95d15cc}</UniqueIdentifier>
    </Filter>
    <Filter Include="Header Files\navigation">
      <UniqueIdentifier>{1ec2dc93-6f40-45e4-b451-82da44d7a934}</UniqueIdentifier>
    </Filter>
    <Filter Include="Source Files\navigation">
      <UniqueIdentifier>{f15980be-8b52-4411-bfad-e309f6e4a7f0}</UniqueIdentifier>
    </Filter>
  </ItemGroup>
  <ItemGroup>
    <ClInclude Include="include\core\Core.h">
      <Filter>Header Files\core</Filter>
    </ClInclude>
    <ClInclude Include="include\utils\InputManager.h">
      <Filter>Header Files\utils</Filter>
    </ClInclude>
    <ClInclude Include="include\utils\Utils.h">
      <Filter>Header Files\utils</Filter>
    </ClInclude>
    <ClInclude Include="include\utils\XDataBase.h">
      <Filter>Header Files\utils</Filter>
    </ClInclude>
    <ClInclude Include="include\utils\xDefs.h">
      <Filter>Header Files\utils</Filter>
    </ClInclude>
    <ClInclude Include="include\utils\xMaths.h">
      <Filter>Header Files\utils</Filter>
    </ClInclude>
    <ClInclude Include="include\utils\gltf\GLTFTypes.h">
      <Filter>Header Files\gltf</Filter>
    </ClInclude>
    <ClInclude Include="include\utils\gltf\GLTFLoader.h">
      <Filter>Header Files\gltf</Filter>
    </ClInclude>
    <ClInclude Include="include\utils\gltf\GLTFAccessor.h">
      <Filter>Header Files\gltf</Filter>
    </ClInclude>
    <ClInclude Include="include\utils\gltf\GLTFImage.h">
      <Filter>Header Files\gltf</Filter>
    </ClInclude>
    <ClInclude Include="include\utils\gltf\GLTFMaterial.h">
      <Filter>Header Files\gltf</Filter>
    </ClInclude>
    <ClInclude Include="include\scene\PrimitiveBase.h">
      <Filter>Header Files\scene</Filter>
    </ClInclude>
    <ClInclude Include="include\scene\PrimitiveInstance.h">
      <Filter>Header Files\scene</Filter>
    </ClInclude>
    <ClInclude Include="include\scene\PrimitiveManager.h">
      <Filter>Header Files\scene</Filter>
    </ClInclude>
    <ClInclude Include="include\scene\SceneProp.h">
      <Filter>Header Files\scene</Filter>
    </ClInclude>
    <ClInclude Include="include\video\BaseDriver.h">
      <Filter>Header Files\video</Filter>
    </ClInclude>
    <ClInclude Include="include\video\WindowHandle.h">
      <Filter>Header Files\video</Filter>
    </ClInclude>
    <ClInclude Include="Config.h">
      <Filter>Header Files</Filter>
    </ClInclude>
    <ClInclude Include="include\utils\Timer.h">
      <Filter>Header Files\utils</Filter>
    </ClInclude>
    <ClInclude Include="include\utils\Camera.h">
      <Filter>Header Files\utils</Filter>
    </ClInclude>
    <ClInclude Include="include\utils\CameraProfiles.h">
      <Filter>Header Files\utils</Filter>
    </ClInclude>
    <ClInclude Include="include\utils\Picking.h">
      <Filter>Header Files\utils</Filter>
    </ClInclude>
    <ClInclude Include="include\video\gl\GLDriver.h">
      <Filter>Header Files\video\GL</Filter>
    </ClInclude>
    <ClInclude Include="include\video\gl\GLDeviceContext.h">
      <Filter>Header Files\video\GL</Filter>
    </ClInclude>
    <ClInclude Include="include\video\gl\GLDevice.h">
      <Filter>Header Files\video\GL</Filter>
    </ClInclude>
    <ClInclude Include="include\video\gl\GLVertexBuffer.h">
      <Filter>Header Files\video\GL</Filter>
    </ClInclude>
    <ClInclude Include="include\video\gl\GLIndexBuffer.h">
      <Filter>Header Files\video\GL</Filter>
    </ClInclude>
    <ClInclude Include="include\video\gl\GLConstantBuffer.h">
      <Filter>Header Files\video\GL</Filter>
    </ClInclude>
    <ClInclude Include="include\video\gl\GLRT.h">
      <Filter>Header Files\video\GL</Filter>
    </ClInclude>
    <ClInclude Include="include\video\gl\GLShader.h">
      <Filter>Header Files\video\GL</Filter>
    </ClInclude>
    <ClInclude Include="include\video\gl\GLTexture.h">
      <Filter>Header Files\video\GL</Filter>
    </ClInclude>
    <ClInclude Include="include\utils\cil.h">
      <Filter>Header Files\utils</Filter>
    </ClInclude>
    <ClInclude Include="Descriptors.h">
      <Filter>Header Files\utils</Filter>
    </ClInclude>
    <ClInclude Include="include\video\d3d12\D3D12Driver.h">
      <Filter>Header Files\video\d3d12</Filter>
    </ClInclude>
    <ClInclude Include="include\video\d3d12\D3D12Heap.h">
      <Filter>Header Files\video\d3d12</Filter>
    </ClInclude>
    <ClInclude Include="include\video\d3d12\D3D12VertexBuffer.h">
      <Filter>Header Files\video\d3d12</Filter>
    </ClInclude>
    <ClInclude Include="include\video\d3d12\D3D12IndexBuffer.h">
      <Filter>Header Files\video\d3d12</Filter>
    </ClInclude>
    <ClInclude Include="include\video\d3d12\D3D12ConstantBuffer.h">
      <Filter>Header Files\video\d3d12</Filter>
    </ClInclude>
    <ClInclude Include="include\video\d3d12\D3D12DeviceContext.h">
      <Filter>Header Files\video\d3d12</Filter>
    </ClInclude>
    <ClInclude Include="include\video\d3d12\D3D12Device.h">
      <Filter>Header Files\video\d3d12</Filter>
    </ClInclude>
    <ClInclude Include="include\video\d3d12\D3D12PipelineKey.h">
      <Filter>Header Files\video\d3d12</Filter>
    </ClInclude>
    <ClInclude Include="include\video\d3d12\D3D12Shader.h">
      <Filter>Header Files\video\d3d12</Filter>
    </ClInclude>
    <ClInclude Include="include\video\d3d12\D3D12RT.h">
      <Filter>Header Files\video\d3d12</Filter>
    </ClInclude>
    <ClInclude Include="include\video\d3d12\D3D12Texture.h">
      <Filter>Header Files\video\d3d12</Filter>
    </ClInclude>
    <ClInclude Include="include\video\vulkan\VulkanDriver.h">
      <Filter>Header Files\video\vulkan</Filter>
    </ClInclude>
    <ClInclude Include="include\video\vulkan\VulkanVertexBuffer.h">
      <Filter>Header Files\video\vulkan</Filter>
    </ClInclude>
    <ClInclude Include="include\video\vulkan\VulkanIndexBuffer.h">
      <Filter>Header Files\video\vulkan</Filter>
    </ClInclude>
    <ClInclude Include="include\video\vulkan\VulkanConstantBuffer.h">
      <Filter>Header Files\video\vulkan</Filter>
    </ClInclude>
    <ClInclude Include="include\video\vulkan\VulkanTexture.h">
      <Filter>Header Files\video\vulkan</Filter>
    </ClInclude>
    <ClInclude Include="include\video\vulkan\VulkanRT.h">
      <Filter>Header Files\video\vulkan</Filter>
    </ClInclude>
    <ClInclude Include="include\video\vulkan\VulkanShader.h">
      <Filter>Header Files\video\vulkan</Filter>
    </ClInclude>
    <ClInclude Include="include\video\vulkan\VulkanDeviceContext.h">
      <Filter>Header Files\video\vulkan</Filter>
    </ClInclude>
    <ClInclude Include="include\video\vulkan\VulkanDevice.h">
      <Filter>Header Files\video\vulkan</Filter>
    </ClInclude>
    <ClInclude Include="include\video\vulkan\VulkanPipelineKey.h">
      <Filter>Header Files\video\vulkan</Filter>
    </ClInclude>
    <ClInclude Include="include\video\vulkan\VulkanUtils.h">
      <Filter>Header Files\video\vulkan</Filter>
    </ClInclude>
    <ClInclude Include="include\core\windows\Win32Framework.h">
      <Filter>Header Files\core</Filter>
    </ClInclude>
    <ClInclude Include="include\utils\ResourceManager.h">
      <Filter>Header Files\utils</Filter>
    </ClInclude>
    <ClInclude Include="include\utils\ResourceLocator.h">
      <Filter>Header Files\utils</Filter>
    </ClInclude>
    <ClInclude Include="include\utils\Technique.h">
      <Filter>Header Files\utils</Filter>
    </ClInclude>
    <ClInclude Include="include\utils\Spline.h">
      <Filter>Header Files\utils</Filter>
    </ClInclude>
    <ClInclude Include="include\scene\SplineWireframe.h">
      <Filter>Header Files\scene</Filter>
    </ClInclude>
    <ClInclude Include="include\scene\LensFlare.h">
      <Filter>Header Files\scene</Filter>
    </ClInclude>
    <ClInclude Include="include\scene\TextRenderer.h">
      <Filter>Header Files\scene</Filter>
    </ClInclude>
    <ClInclude Include="include\physics\CharacterController.h">
      <Filter>Header Files\physics</Filter>
    </ClInclude>
    <ClInclude Include="include\physics\JoltPhysicsSystem.h">
      <Filter>Header Files\physics</Filter>
    </ClInclude>
    <ClInclude Include="include\physics\PhysicsDebugRenderer.h">
      <Filter>Header Files\physics</Filter>
    </ClInclude>
    <ClInclude Include="include\physics\Q3BspCollision.h">
      <Filter>Header Files\physics</Filter>
    </ClInclude>
    <ClInclude Include="include\physics\PhysicsAuthoring.h">
      <Filter>Header Files\physics</Filter>
    </ClInclude>
    <ClInclude Include="include\physics\PhysicsTypes.h">
      <Filter>Header Files\physics</Filter>
    </ClInclude>
    <ClInclude Include="include\scene\Quad.h">
      <Filter>Header Files\scene</Filter>
    </ClInclude>
    <ClInclude Include="include\scene\RenderQuad.h">
      <Filter>Header Files\scene</Filter>
    </ClInclude>
    <ClInclude Include="include\video\gl\GLSLParser.h">
      <Filter>Header Files\video\GL</Filter>
    </ClInclude>
    <ClInclude Include="include\video\ShaderBase.h">
      <Filter>Header Files\video\GL</Filter>
    </ClInclude>
    <ClInclude Include="include\scene\RenderMesh.h">
      <Filter>Header Files\scene</Filter>
    </ClInclude>
    <ClInclude Include="include\scene\RenderSkinnedMesh.h">
      <Filter>Header Files\scene</Filter>
    </ClInclude>
    <ClInclude Include="include\scene\LineRenderer.h">
      <Filter>Header Files\scene</Filter>
    </ClInclude>
    <ClInclude Include="include\scene\AnimationController.h">
      <Filter>Header Files\scene</Filter>
    </ClInclude>
    <ClInclude Include="pch.h">
      <Filter>Header Files</Filter>
    </ClInclude>
    <ClInclude Include="include\video\d3d11\D3D11ConstantBuffer.h">
      <Filter>Header Files\video\d3d11</Filter>
    </ClInclude>
    <ClInclude Include="include\video\d3d11\D3D11Device.h">
      <Filter>Header Files\video\d3d11</Filter>
    </ClInclude>
    <ClInclude Include="include\video\d3d11\D3D11DeviceContext.h">
      <Filter>Header Files\video\d3d11</Filter>
    </ClInclude>
    <ClInclude Include="include\video\d3d11\D3D11Driver.h">
      <Filter>Header Files\video\d3d11</Filter>
    </ClInclude>
    <ClInclude Include="include\video\d3d11\D3D11IndexBuffer.h">
      <Filter>Header Files\video\d3d11</Filter>
    </ClInclude>
    <ClInclude Include="include\video\d3d11\D3D11RT.h">
      <Filter>Header Files\video\d3d11</Filter>
    </ClInclude>
    <ClInclude Include="include\video\d3d11\D3D11Shader.h">
      <Filter>Header Files\video\d3d11</Filter>
    </ClInclude>
    <ClInclude Include="include\video\d3d11\D3D11Texture.h">
      <Filter>Header Files\video\d3d11</Filter>
    </ClInclude>
    <ClInclude Include="include\video\d3d11\D3D11VertexBuffer.h">
      <Filter>Header Files\video\d3d11</Filter>
    </ClInclude>
    <ClInclude Include="include\core\DevLayer.h">
      <Filter>Header Files\core</Filter>
    </ClInclude>
    <ClInclude Include="include\core\EngineContext.h">
      <Filter>Header Files\core</Filter>
    </ClInclude>
    <ClInclude Include="include\core\Config.h">
      <Filter>Header Files\core</Filter>
    </ClInclude>
    <ClInclude Include="include\navigation\NavigationSystem.h">
      <Filter>Header Files\navigation</Filter>
    </ClInclude>
    <ClInclude Include="include\navigation\NavigationDebugRenderer.h">
      <Filter>Header Files\navigation</Filter>
    </ClInclude>
    <ClInclude Include="include\debug\FrameDumper.h">
      <Filter>Header Files\utils</Filter>
    </ClInclude>
    <ClInclude Include="include\debug\LoadingProgress.h">
      <Filter>Header Files\utils</Filter>
    </ClInclude>
    <ClInclude Include="include\scene\RenderGraph.h">
      <Filter>Header Files\scene</Filter>
    </ClInclude>
    <ClInclude Include="include\scene\EditorSceneFile.h">
      <Filter>Header Files\scene</Filter>
    </ClInclude>
    <ClInclude Include="include\scene\IBLResources.h">
      <Filter>Header Files\scene</Filter>
    </ClInclude>
    <ClInclude Include="include\scene\RenderContainer.h">
      <Filter>Header Files\scene</Filter>
    </ClInclude>
    <ClInclude Include="include\scene\RenderResourceRegistry.h">
      <Filter>Header Files\scene</Filter>
    </ClInclude>
    <ClInclude Include="include\scene\RenderGraphDescriptor.h">
      <Filter>Header Files\scene</Filter>
    </ClInclude>
    <ClInclude Include="include\scene\SceneDescriptor.h">
      <Filter>Header Files\scene</Filter>
    </ClInclude>
    <ClInclude Include="include\scene\SceneSetup.h">
      <Filter>Header Files\scene</Filter>
    </ClInclude>
    <ClInclude Include="include\utils\Log.h">
      <Filter>Header Files\utils</Filter>
    </ClInclude>
    <ClInclude Include="include\utils\SPIRVReflection.h">
      <Filter>Header Files\utils</Filter>
    </ClInclude>
    <ClInclude Include="include\utils\ShaderDiskCache.h">
      <Filter>Header Files\utils</Filter>
    </ClInclude>
    <ClInclude Include="include\utils\ConfigRuntime.h">
      <Filter>Header Files\utils</Filter>
    </ClInclude>
    <ClInclude Include="include\utils\RuntimeProfile.h">
      <Filter>Header Files\utils</Filter>
    </ClInclude>
    <ClInclude Include="include\utils\ShaderPermutationDump.h">
      <Filter>Header Files\utils</Filter>
    </ClInclude>
    <ClInclude Include="include\debug\Profiler.h">
      <Filter>Header Files\utils</Filter>
    </ClInclude>
    <ClInclude Include="include\debug\RuntimeTelemetry.h">
      <Filter>Header Files\utils</Filter>
    </ClInclude>
    <ClInclude Include="include\debug\RenderTrace.h">
      <Filter>Header Files\utils</Filter>
    </ClInclude>
    <ClInclude Include="include\utils\ThreadPool.h">
      <Filter>Header Files\utils</Filter>
    </ClInclude>
    <ClInclude Include="include\scene\WireframeArrow.h">
      <Filter>Header Files\gui</Filter>
    </ClInclude>
    <ClInclude Include="include\scene\WireframeSphere.h">
      <Filter>Header Files\gui</Filter>
    </ClInclude>
  </ItemGroup>
  <ItemGroup>
    <ClCompile Include="src\core\Core.cpp">
      <Filter>Source Files\core</Filter>
    </ClCompile>
    <ClCompile Include="src\core\Config.cpp">
      <Filter>Source Files\core</Filter>
    </ClCompile>
    <ClCompile Include="src\core\EngineContext.cpp">
      <Filter>Source Files\core</Filter>
    </ClCompile>
    <ClCompile Include="src\scene\PrimitiveInstance.cpp">
      <Filter>Source Files\scene</Filter>
    </ClCompile>
    <ClCompile Include="src\scene\PrimitiveManager.cpp">
      <Filter>Source Files\scene</Filter>
    </ClCompile>
    <ClCompile Include="src\scene\SceneProp.cpp">
      <Filter>Source Files\scene</Filter>
    </ClCompile>
    <ClCompile Include="src\utils\InputManager.cpp">
      <Filter>Source Files\utils</Filter>
    </ClCompile>
    <ClCompile Include="src\utils\Timer.cpp">
      <Filter>Source Files\utils</Filter>
    </ClCompile>
    <ClCompile Include="src\utils\Utils.cpp">
      <Filter>Source Files\utils</Filter>
    </ClCompile>
    <ClCompile Include="src\utils\XDataBase.cpp">
      <Filter>Source Files\utils</Filter>
    </ClCompile>
    <ClCompile Include="src\utils\XMaths.cpp">
      <Filter>Source Files\utils</Filter>
    </ClCompile>
    <ClCompile Include="src\utils\Camera.cpp">
      <Filter>Source Files\utils</Filter>
    </ClCompile>
    <ClCompile Include="src\utils\CameraProfiles.cpp">
      <Filter>Source Files\utils</Filter>
    </ClCompile>
    <ClCompile Include="src\utils\Picking.cpp">
      <Filter>Source Files\utils</Filter>
    </ClCompile>
    <ClCompile Include="src\video\BaseDriver.cpp">
      <Filter>Source Files\video</Filter>
    </ClCompile>
    <ClCompile Include="src\video\gl\GLDriver.cpp">
      <Filter>Source Files\video\GL</Filter>
    </ClCompile>
    <ClCompile Include="src\video\gl\GLDeviceContext.cpp">
      <Filter>Source Files\video\GL</Filter>
    </ClCompile>
    <ClCompile Include="src\video\gl\GLDevice.cpp">
      <Filter>Source Files\video\GL</Filter>
    </ClCompile>
    <ClCompile Include="src\video\gl\GLVertexBuffer.cpp">
      <Filter>Source Files\video\GL</Filter>
    </ClCompile>
    <ClCompile Include="src\video\gl\GLIndexBuffer.cpp">
      <Filter>Source Files\video\GL</Filter>
    </ClCompile>
    <ClCompile Include="src\video\gl\GLConstantBuffer.cpp">
      <Filter>Source Files\video\GL</Filter>
    </ClCompile>
    <ClCompile Include="src\video\gl\GLRT.cpp">
      <Filter>Source Files\video\GL</Filter>
    </ClCompile>
    <ClCompile Include="src\video\gl\GLShader.cpp">
      <Filter>Source Files\video\GL</Filter>
    </ClCompile>
    <ClCompile Include="src\video\gl\GLTexture.cpp">
      <Filter>Source Files\video\GL</Filter>
    </ClCompile>
    <ClCompile Include="src\utils\cil.cpp">
      <Filter>Source Files\utils</Filter>
    </ClCompile>
    <ClCompile Include="src\core\windows\Win32Framework.cpp">
      <Filter>Source Files\core</Filter>
    </ClCompile>
    <ClCompile Include="src\video\d3d12\D3D12Driver.cpp">
      <Filter>Source Files\video\d3d12</Filter>
    </ClCompile>
    <ClCompile Include="src\video\d3d12\D3D12Heap.cpp">
      <Filter>Source Files\video\d3d12</Filter>
    </ClCompile>
    <ClCompile Include="src\video\d3d12\D3D12VertexBuffer.cpp">
      <Filter>Source Files\video\d3d12</Filter>
    </ClCompile>
    <ClCompile Include="src\video\d3d12\D3D12IndexBuffer.cpp">
      <Filter>Source Files\video\d3d12</Filter>
    </ClCompile>
    <ClCompile Include="src\video\d3d12\D3D12ConstantBuffer.cpp">
      <Filter>Source Files\video\d3d12</Filter>
    </ClCompile>
    <ClCompile Include="src\video\d3d12\D3D12DeviceContext.cpp">
      <Filter>Source Files\video\d3d12</Filter>
    </ClCompile>
    <ClCompile Include="src\video\d3d12\D3D12Device.cpp">
      <Filter>Source Files\video\d3d12</Filter>
    </ClCompile>
    <ClCompile Include="src\video\d3d12\D3D12Shader.cpp">
      <Filter>Source Files\video\d3d12</Filter>
    </ClCompile>
    <ClCompile Include="src\video\d3d12\D3D12RT.cpp">
      <Filter>Source Files\video\d3d12</Filter>
    </ClCompile>
    <ClCompile Include="src\video\d3d12\D3D12Texture.cpp">
      <Filter>Source Files\video\d3d12</Filter>
    </ClCompile>
    <ClCompile Include="src\video\vulkan\VulkanDriver.cpp">
      <Filter>Source Files\video\vulkan</Filter>
    </ClCompile>
    <ClCompile Include="src\video\vulkan\VulkanVertexBuffer.cpp">
      <Filter>Source Files\video\vulkan</Filter>
    </ClCompile>
    <ClCompile Include="src\video\vulkan\VulkanIndexBuffer.cpp">
      <Filter>Source Files\video\vulkan</Filter>
    </ClCompile>
    <ClCompile Include="src\video\vulkan\VulkanConstantBuffer.cpp">
      <Filter>Source Files\video\vulkan</Filter>
    </ClCompile>
    <ClCompile Include="src\video\vulkan\VulkanTexture.cpp">
      <Filter>Source Files\video\vulkan</Filter>
    </ClCompile>
    <ClCompile Include="src\video\vulkan\VulkanRT.cpp">
      <Filter>Source Files\video\vulkan</Filter>
    </ClCompile>
    <ClCompile Include="src\video\vulkan\VulkanShader.cpp">
      <Filter>Source Files\video\vulkan</Filter>
    </ClCompile>
    <ClCompile Include="src\video\vulkan\VulkanDeviceContext.cpp">
      <Filter>Source Files\video\vulkan</Filter>
    </ClCompile>
    <ClCompile Include="src\video\vulkan\VulkanDevice.cpp">
      <Filter>Source Files\video\vulkan</Filter>
    </ClCompile>
    <ClCompile Include="src\video\vulkan\VulkanUtils.cpp">
      <Filter>Source Files\video\vulkan</Filter>
    </ClCompile>
    <ClCompile Include="src\utils\ResourceManager.cpp">
      <Filter>Source Files\utils</Filter>
    </ClCompile>
    <ClCompile Include="src\utils\ResourceLocator.cpp">
      <Filter>Source Files\utils</Filter>
    </ClCompile>
    <ClCompile Include="src\utils\Technique.cpp">
      <Filter>Source Files\utils</Filter>
    </ClCompile>
    <ClCompile Include="src\utils\Spline.cpp">
      <Filter>Source Files\utils</Filter>
    </ClCompile>
    <ClCompile Include="src\scene\SplineWireframe.cpp">
      <Filter>Source Files\scene</Filter>
    </ClCompile>
    <ClCompile Include="src\scene\LensFlare.cpp">
      <Filter>Source Files\scene</Filter>
    </ClCompile>
    <ClCompile Include="src\scene\TextRenderer.cpp">
      <Filter>Source Files\scene</Filter>
    </ClCompile>
    <ClCompile Include="src\scene\Quad.cpp">
      <Filter>Source Files\scene</Filter>
    </ClCompile>
    <ClCompile Include="src\scene\RenderQuad.cpp">
      <Filter>Source Files\scene</Filter>
    </ClCompile>
    <ClCompile Include="src\scene\RenderContainer.cpp">
      <Filter>Source Files\scene</Filter>
    </ClCompile>
    <ClCompile Include="src\scene\RenderResourceRegistry.cpp">
      <Filter>Source Files\scene</Filter>
    </ClCompile>
    <ClCompile Include="src\scene\IBLResources.cpp">
      <Filter>Source Files\scene</Filter>
    </ClCompile>
    <ClCompile Include="src\video\gl\GLSLParser.cpp">
      <Filter>Source Files\video\GL</Filter>
    </ClCompile>
    <ClCompile Include="src\scene\RenderMesh.cpp">
      <Filter>Source Files\scene</Filter>
    </ClCompile>
    <ClCompile Include="src\scene\RenderSkinnedMesh.cpp">
      <Filter>Source Files\scene</Filter>
    </ClCompile>
    <ClCompile Include="src\scene\LineRenderer.cpp">
      <Filter>Source Files\scene</Filter>
    </ClCompile>
    <ClCompile Include="src\scene\AnimationController.cpp">
      <Filter>Source Files\scene</Filter>
    </ClCompile>
    <ClCompile Include="src\physics\CharacterController.cpp">
      <Filter>Source Files\physics</Filter>
    </ClCompile>
    <ClCompile Include="src\physics\JoltPhysicsSystem.cpp">
      <Filter>Source Files\physics</Filter>
    </ClCompile>
    <ClCompile Include="src\physics\PhysicsDebugRenderer.cpp">
      <Filter>Source Files\physics</Filter>
    </ClCompile>
    <ClCompile Include="src\physics\Q3BspCollision.cpp">
      <Filter>Source Files\physics</Filter>
    </ClCompile>
    <ClCompile Include="src\physics\PhysicsAuthoring.cpp">
      <Filter>Source Files\physics</Filter>
    </ClCompile>
    <ClCompile Include="..\Librerias\tinyxml2\tinyxml2.cpp">
      <Filter>Source Files\ext</Filter>
    </ClCompile>
    <ClCompile Include="..\Librerias\mikktspace\src\mikktspace.c">
      <Filter>Source Files\ext</Filter>
    </ClCompile>
    <ClCompile Include="src\utils\gltf\GLTFLoader.cpp">
      <Filter>Source Files\gltf</Filter>
    </ClCompile>
    <ClCompile Include="src\utils\gltf\GLTFJson.cpp">
      <Filter>Source Files\gltf</Filter>
    </ClCompile>
    <ClCompile Include="src\utils\gltf\GLTFAccessor.cpp">
      <Filter>Source Files\gltf</Filter>
    </ClCompile>
    <ClCompile Include="src\utils\gltf\GLTFBase64.cpp">
      <Filter>Source Files\gltf</Filter>
    </ClCompile>
    <ClCompile Include="src\utils\gltf\GLTFImage.cpp">
      <Filter>Source Files\gltf</Filter>
    </ClCompile>
    <ClCompile Include="src\utils\gltf\GLTFMaterial.cpp">
      <Filter>Source Files\gltf</Filter>
    </ClCompile>
    <ClCompile Include="src\utils\gltf\GLTFMesh.cpp">
      <Filter>Source Files\gltf</Filter>
    </ClCompile>
    <ClCompile Include="src\utils\gltf\GLTFAnimation.cpp">
      <Filter>Source Files\gltf</Filter>
    </ClCompile>
    <ClCompile Include="pch.cpp">
      <Filter>Source Files</Filter>
    </ClCompile>
    <ClCompile Include="src\video\d3d11\D3D11ConstantBuffer.cpp">
      <Filter>Source Files\video\d3d11</Filter>
    </ClCompile>
    <ClCompile Include="src\video\d3d11\D3D11Device.cpp">
      <Filter>Source Files\video\d3d11</Filter>
    </ClCompile>
    <ClCompile Include="src\video\d3d11\D3D11DeviceContext.cpp">
      <Filter>Source Files\video\d3d11</Filter>
    </ClCompile>
    <ClCompile Include="src\video\d3d11\D3D11Driver.cpp">
      <Filter>Source Files\video\d3d11</Filter>
    </ClCompile>
    <ClCompile Include="src\video\d3d11\D3D11IndexBuffer.cpp">
      <Filter>Source Files\video\d3d11</Filter>
    </ClCompile>
    <ClCompile Include="src\video\d3d11\D3D11RT.cpp">
      <Filter>Source Files\video\d3d11</Filter>
    </ClCompile>
    <ClCompile Include="src\video\d3d11\D3D11Shader.cpp">
      <Filter>Source Files\video\d3d11</Filter>
    </ClCompile>
    <ClCompile Include="src\video\d3d11\D3D11Texture.cpp">
      <Filter>Source Files\video\d3d11</Filter>
    </ClCompile>
    <ClCompile Include="src\video\d3d11\D3D11VertexBuffer.cpp">
      <Filter>Source Files\video\d3d11</Filter>
    </ClCompile>
    <ClCompile Include="src\debug\FrameDumper.cpp">
      <Filter>Source Files\utils</Filter>
    </ClCompile>
    <ClCompile Include="src\debug\FrameDumperIO.cpp">
      <Filter>Source Files\utils</Filter>
    </ClCompile>
    <ClCompile Include="src\core\DevLayer.cpp">
      <Filter>Source Files\core</Filter>
    </ClCompile>
    <ClCompile Include="src\scene\RenderGraph.cpp">
      <Filter>Source Files\scene</Filter>
    </ClCompile>
    <ClCompile Include="src\scene\EditorSceneFile.cpp">
      <Filter>Source Files\scene</Filter>
    </ClCompile>
    <ClCompile Include="src\scene\SceneDescriptor.cpp">
      <Filter>Source Files\scene</Filter>
    </ClCompile>
    <ClCompile Include="src\scene\SceneSetup.cpp">
      <Filter>Source Files\scene</Filter>
    </ClCompile>
    <ClCompile Include="src\utils\ThreadPool.cpp">
      <Filter>Source Files\utils</Filter>
    </ClCompile>
    <ClCompile Include="src\debug\Profiler.cpp">
      <Filter>Source Files\utils</Filter>
    </ClCompile>
    <ClCompile Include="src\debug\RuntimeTelemetry.cpp">
      <Filter>Source Files\utils</Filter>
    </ClCompile>
    <ClCompile Include="src\debug\RenderTrace.cpp">
      <Filter>Source Files\utils</Filter>
    </ClCompile>
    <ClCompile Include="src\navigation\NavigationSystem.cpp">
      <Filter>Source Files\navigation</Filter>
    </ClCompile>
    <ClCompile Include="src\navigation\NavigationDebugRenderer.cpp">
      <Filter>Source Files\navigation</Filter>
    </ClCompile>
    <ClCompile Include="src\utils\SPIRVReflection.cpp">
      <Filter>Source Files\utils</Filter>
    </ClCompile>
    <ClCompile Include="src\utils\ShaderDiskCache.cpp">
      <Filter>Source Files\utils</Filter>
    </ClCompile>
    <ClCompile Include="src\utils\ConfigRuntime.cpp">
      <Filter>Source Files\utils</Filter>
    </ClCompile>
    <ClCompile Include="src\utils\RuntimeProfile.cpp">
      <Filter>Source Files\utils</Filter>
    </ClCompile>
    <ClCompile Include="src\utils\ShaderPermutationDump.cpp">
      <Filter>Source Files\utils</Filter>
    </ClCompile>
    <ClCompile Include="src\utils\Log.cpp">
      <Filter>Source Files\utils</Filter>
    </ClCompile>
    <ClCompile Include="src\scene\WireframeArrow.cpp">
      <Filter>Source Files\gui</Filter>
    </ClCompile>
    <ClCompile Include="src\scene\WireframeSphere.cpp">
      <Filter>Source Files\gui</Filter>
    </ClCompile>
  </ItemGroup>
  <ItemGroup>
    <None Include="..\Assets\Shaders\FS.glsl">
      <Filter>Shaders\GLSL</Filter>
    </None>
    <None Include="..\Assets\Shaders\FS_Mesh.glsl">
      <Filter>Shaders\GLSL</Filter>
    </None>
    <None Include="..\Assets\Shaders\FS_Quad.glsl">
      <Filter>Shaders\GLSL</Filter>
    </None>
    <None Include="..\Assets\Shaders\FS_Text.glsl">
      <Filter>Shaders\GLSL</Filter>
    </None>
    <None Include="..\Assets\Shaders\FS_tri.glsl">
      <Filter>Shaders\GLSL</Filter>
    </None>
    <None Include="..\Assets\Shaders\FS_W.glsl">
      <Filter>Shaders\GLSL</Filter>
    </None>
    <None Include="..\Assets\Shaders\VS.glsl">
      <Filter>Shaders\GLSL</Filter>
    </None>
    <None Include="..\Assets\Shaders\VS_Mesh.glsl">
      <Filter>Shaders\GLSL</Filter>
    </None>
    <None Include="..\Assets\Shaders\VS_Quad.glsl">
      <Filter>Shaders\GLSL</Filter>
    </None>
    <None Include="..\Assets\Shaders\VS_Text.glsl">
      <Filter>Shaders\GLSL</Filter>
    </None>
    <None Include="..\Assets\Shaders\VS_tri.glsl">
      <Filter>Shaders\GLSL</Filter>
    </None>
    <None Include="..\Assets\Shaders\VS_W.glsl">
      <Filter>Shaders\GLSL</Filter>
    </None>
  </ItemGroup>
  <ItemGroup>
    <FxCompile Include="..\Assets\Shaders\FS.hlsl">
      <Filter>Shaders\HLSL</Filter>
    </FxCompile>
    <FxCompile Include="..\Assets\Shaders\FS_Mesh.hlsl">
      <Filter>Shaders\HLSL</Filter>
    </FxCompile>
    <FxCompile Include="..\Assets\Shaders\FS_Quad.hlsl">
      <Filter>Shaders\HLSL</Filter>
    </FxCompile>
    <FxCompile Include="..\Assets\Shaders\FS_Text.hlsl">
      <Filter>Shaders\HLSL</Filter>
    </FxCompile>
    <FxCompile Include="..\Assets\Shaders\FS_tri.hlsl">
      <Filter>Shaders\HLSL</Filter>
    </FxCompile>
    <FxCompile Include="..\Assets\Shaders\FS_W.hlsl">
      <Filter>Shaders\HLSL</Filter>
    </FxCompile>
    <FxCompile Include="..\Assets\Shaders\VS.hlsl">
      <Filter>Shaders\HLSL</Filter>
    </FxCompile>
    <FxCompile Include="..\Assets\Shaders\VS_Mesh.hlsl">
      <Filter>Shaders\HLSL</Filter>
    </FxCompile>
    <FxCompile Include="..\Assets\Shaders\VS_Quad.hlsl">
      <Filter>Shaders\HLSL</Filter>
    </FxCompile>
    <FxCompile Include="..\Assets\Shaders\VS_Text.hlsl">
      <Filter>Shaders\HLSL</Filter>
    </FxCompile>
    <FxCompile Include="..\Assets\Shaders\VS_tri.hlsl">
      <Filter>Shaders\HLSL</Filter>
    </FxCompile>
    <FxCompile Include="..\Assets\Shaders\VS_W.hlsl">
      <Filter>Shaders\HLSL</Filter>
    </FxCompile>
  </ItemGroup>
</Project>
